// !$*UTF8*$!
{
	archiveVersion = 1;
	classes = {
	};
	objectVersion = 48;
	objects = {

/* Begin PBXBuildFile section */
		28173B992014E33700A2EFF0 /* intention.swift in Sources */ = {isa = PBXBuildFile; fileRef = 28614AF21FC795C200987520 /* intention.swift */; };
		28173B9A2014E33C00A2EFF0 /* focus.swift in Sources */ = {isa = PBXBuildFile; fileRef = 289CD44A1FC8F9BF00A0A34C /* focus.swift */; };
		281CF7CB1FCB6ED900F66D35 /* landingViewController.swift in Sources */ = {isa = PBXBuildFile; fileRef = 281CF7CA1FCB6ED900F66D35 /* landingViewController.swift */; };
		28295D53201572DD007D15D5 /* IntentionRowController.swift in Sources */ = {isa = PBXBuildFile; fileRef = 28295D52201572DD007D15D5 /* IntentionRowController.swift */; };
		28614A9D1FC75ABE00987520 /* AppDelegate.swift in Sources */ = {isa = PBXBuildFile; fileRef = 28614A9C1FC75ABE00987520 /* AppDelegate.swift */; };
		28614A9F1FC75ABE00987520 /* ViewController.swift in Sources */ = {isa = PBXBuildFile; fileRef = 28614A9E1FC75ABE00987520 /* ViewController.swift */; };
		28614AA21FC75ABE00987520 /* Main.storyboard in Resources */ = {isa = PBXBuildFile; fileRef = 28614AA01FC75ABE00987520 /* Main.storyboard */; };
		28614AA41FC75ABE00987520 /* Assets.xcassets in Resources */ = {isa = PBXBuildFile; fileRef = 28614AA31FC75ABE00987520 /* Assets.xcassets */; };
		28614AA71FC75ABE00987520 /* LaunchScreen.storyboard in Resources */ = {isa = PBXBuildFile; fileRef = 28614AA51FC75ABE00987520 /* LaunchScreen.storyboard */; };
		28614AF31FC795C200987520 /* intention.swift in Sources */ = {isa = PBXBuildFile; fileRef = 28614AF21FC795C200987520 /* intention.swift */; };
		28614AF71FC7A7AD00987520 /* intentionTableViewCell.swift in Sources */ = {isa = PBXBuildFile; fileRef = 28614AF61FC7A7AD00987520 /* intentionTableViewCell.swift */; };
		289CD44B1FC8F9BF00A0A34C /* focus.swift in Sources */ = {isa = PBXBuildFile; fileRef = 289CD44A1FC8F9BF00A0A34C /* focus.swift */; };
		28A2AEDF1FC7CF9700B4E4CF /* pieChart.swift in Sources */ = {isa = PBXBuildFile; fileRef = 28A2AEDE1FC7CF9700B4E4CF /* pieChart.swift */; };
		28A2AEE11FC7DA9300B4E4CF /* progressChart.swift in Sources */ = {isa = PBXBuildFile; fileRef = 28A2AEE01FC7DA9300B4E4CF /* progressChart.swift */; };
		28A534DE1FC7E89500D2A932 /* intentionTableViewController.swift in Sources */ = {isa = PBXBuildFile; fileRef = 28A534DD1FC7E89500D2A932 /* intentionTableViewController.swift */; };
		28ADDEF02013FE3B007BD086 /* Interface.storyboard in Resources */ = {isa = PBXBuildFile; fileRef = 28ADDEEE2013FE3B007BD086 /* Interface.storyboard */; };
		28ADDEF22013FE3B007BD086 /* Assets.xcassets in Resources */ = {isa = PBXBuildFile; fileRef = 28ADDEF12013FE3B007BD086 /* Assets.xcassets */; };
		28ADDEF92013FE3B007BD086 /* intentions WatchKit application Extension.appex in Embed App Extensions */ = {isa = PBXBuildFile; fileRef = 28ADDEF82013FE3B007BD086 /* intentions WatchKit application Extension.appex */; settings = {ATTRIBUTES = (RemoveHeadersOnCopy, ); }; };
		28ADDF002013FE3B007BD086 /* ExtensionDelegate.swift in Sources */ = {isa = PBXBuildFile; fileRef = 28ADDEFF2013FE3B007BD086 /* ExtensionDelegate.swift */; };
		28ADDF022013FE3B007BD086 /* NotificationController.swift in Sources */ = {isa = PBXBuildFile; fileRef = 28ADDF012013FE3B007BD086 /* NotificationController.swift */; };
		28ADDF042013FE3B007BD086 /* Assets.xcassets in Resources */ = {isa = PBXBuildFile; fileRef = 28ADDF032013FE3B007BD086 /* Assets.xcassets */; };
		28ADDF092013FE3B007BD086 /* intentions WatchKit application.app in Embed Watch Content */ = {isa = PBXBuildFile; fileRef = 28ADDEEC2013FE3B007BD086 /* intentions WatchKit application.app */; };
		28DE0DDA2015554C00D88F8F /* IntentionInterfaceController.swift in Sources */ = {isa = PBXBuildFile; fileRef = 28DE0DD92015554C00D88F8F /* IntentionInterfaceController.swift */; };
/* End PBXBuildFile section */

/* Begin PBXContainerItemProxy section */
		28ADDEFA2013FE3B007BD086 /* PBXContainerItemProxy */ = {
			isa = PBXContainerItemProxy;
			containerPortal = 28614A911FC75ABE00987520 /* Project object */;
			proxyType = 1;
			remoteGlobalIDString = 28ADDEF72013FE3B007BD086;
			remoteInfo = "intentions WatchKit application Extension";
		};
		28ADDF072013FE3B007BD086 /* PBXContainerItemProxy */ = {
			isa = PBXContainerItemProxy;
			containerPortal = 28614A911FC75ABE00987520 /* Project object */;
			proxyType = 1;
			remoteGlobalIDString = 28ADDEEB2013FE3B007BD086;
			remoteInfo = "intentions WatchKit application";
		};
/* End PBXContainerItemProxy section */

/* Begin PBXCopyFilesBuildPhase section */
		280DBF6C2013D10B00D07B8B /* Embed Watch Content */ = {
			isa = PBXCopyFilesBuildPhase;
			buildActionMask = 2147483647;
			dstPath = "$(CONTENTS_FOLDER_PATH)/Watch";
			dstSubfolderSpec = 16;
			files = (
				28ADDF092013FE3B007BD086 /* intentions WatchKit application.app in Embed Watch Content */,
			);
			name = "Embed Watch Content";
			runOnlyForDeploymentPostprocessing = 0;
		};
		28ADDF0D2013FE3B007BD086 /* Embed App Extensions */ = {
			isa = PBXCopyFilesBuildPhase;
			buildActionMask = 2147483647;
			dstPath = "";
			dstSubfolderSpec = 13;
			files = (
				28ADDEF92013FE3B007BD086 /* intentions WatchKit application Extension.appex in Embed App Extensions */,
			);
			name = "Embed App Extensions";
			runOnlyForDeploymentPostprocessing = 0;
		};
/* End PBXCopyFilesBuildPhase section */

/* Begin PBXFileReference section */
		281CF7CA1FCB6ED900F66D35 /* landingViewController.swift */ = {isa = PBXFileReference; lastKnownFileType = sourcecode.swift; path = landingViewController.swift; sourceTree = "<group>"; };
		28295D52201572DD007D15D5 /* IntentionRowController.swift */ = {isa = PBXFileReference; lastKnownFileType = sourcecode.swift; path = IntentionRowController.swift; sourceTree = "<group>"; };
		2829C7E41FCA4B6200B0BF50 /* intentions.app */ = {isa = PBXFileReference; explicitFileType = wrapper.application; includeInIndex = 0; path = intentions.app; sourceTree = BUILT_PRODUCTS_DIR; };
		28614A9C1FC75ABE00987520 /* AppDelegate.swift */ = {isa = PBXFileReference; lastKnownFileType = sourcecode.swift; path = AppDelegate.swift; sourceTree = "<group>"; };
		28614A9E1FC75ABE00987520 /* ViewController.swift */ = {isa = PBXFileReference; lastKnownFileType = sourcecode.swift; path = ViewController.swift; sourceTree = "<group>"; };
		28614AA11FC75ABE00987520 /* Base */ = {isa = PBXFileReference; lastKnownFileType = file.storyboard; name = Base; path = Base.lproj/Main.storyboard; sourceTree = "<group>"; };
		28614AA31FC75ABE00987520 /* Assets.xcassets */ = {isa = PBXFileReference; lastKnownFileType = folder.assetcatalog; path = Assets.xcassets; sourceTree = "<group>"; };
		28614AA61FC75ABE00987520 /* Base */ = {isa = PBXFileReference; lastKnownFileType = file.storyboard; name = Base; path = Base.lproj/LaunchScreen.storyboard; sourceTree = "<group>"; };
		28614AA81FC75ABE00987520 /* Info.plist */ = {isa = PBXFileReference; lastKnownFileType = text.plist.xml; path = Info.plist; sourceTree = "<group>"; };
		28614AF21FC795C200987520 /* intention.swift */ = {isa = PBXFileReference; lastKnownFileType = sourcecode.swift; path = intention.swift; sourceTree = "<group>"; };
		28614AF61FC7A7AD00987520 /* intentionTableViewCell.swift */ = {isa = PBXFileReference; lastKnownFileType = sourcecode.swift; path = intentionTableViewCell.swift; sourceTree = "<group>"; };
		289CD44A1FC8F9BF00A0A34C /* focus.swift */ = {isa = PBXFileReference; lastKnownFileType = sourcecode.swift; path = focus.swift; sourceTree = "<group>"; };
		28A2AEDE1FC7CF9700B4E4CF /* pieChart.swift */ = {isa = PBXFileReference; lastKnownFileType = sourcecode.swift; path = pieChart.swift; sourceTree = "<group>"; };
		28A2AEE01FC7DA9300B4E4CF /* progressChart.swift */ = {isa = PBXFileReference; lastKnownFileType = sourcecode.swift; path = progressChart.swift; sourceTree = "<group>"; };
		28A534DD1FC7E89500D2A932 /* intentionTableViewController.swift */ = {isa = PBXFileReference; lastKnownFileType = sourcecode.swift; path = intentionTableViewController.swift; sourceTree = "<group>"; };
		28ADDEEC2013FE3B007BD086 /* intentions WatchKit application.app */ = {isa = PBXFileReference; explicitFileType = wrapper.application; includeInIndex = 0; path = "intentions WatchKit application.app"; sourceTree = BUILT_PRODUCTS_DIR; };
		28ADDEEF2013FE3B007BD086 /* Base */ = {isa = PBXFileReference; lastKnownFileType = file.storyboard; name = Base; path = Base.lproj/Interface.storyboard; sourceTree = "<group>"; };
		28ADDEF12013FE3B007BD086 /* Assets.xcassets */ = {isa = PBXFileReference; lastKnownFileType = folder.assetcatalog; path = Assets.xcassets; sourceTree = "<group>"; };
		28ADDEF32013FE3B007BD086 /* Info.plist */ = {isa = PBXFileReference; lastKnownFileType = text.plist.xml; path = Info.plist; sourceTree = "<group>"; };
		28ADDEF82013FE3B007BD086 /* intentions WatchKit application Extension.appex */ = {isa = PBXFileReference; explicitFileType = "wrapper.app-extension"; includeInIndex = 0; path = "intentions WatchKit application Extension.appex"; sourceTree = BUILT_PRODUCTS_DIR; };
		28ADDEFF2013FE3B007BD086 /* ExtensionDelegate.swift */ = {isa = PBXFileReference; lastKnownFileType = sourcecode.swift; path = ExtensionDelegate.swift; sourceTree = "<group>"; };
		28ADDF012013FE3B007BD086 /* NotificationController.swift */ = {isa = PBXFileReference; lastKnownFileType = sourcecode.swift; path = NotificationController.swift; sourceTree = "<group>"; };
		28ADDF032013FE3B007BD086 /* Assets.xcassets */ = {isa = PBXFileReference; lastKnownFileType = folder.assetcatalog; path = Assets.xcassets; sourceTree = "<group>"; };
		28ADDF052013FE3B007BD086 /* Info.plist */ = {isa = PBXFileReference; lastKnownFileType = text.plist.xml; path = Info.plist; sourceTree = "<group>"; };
		28ADDF062013FE3B007BD086 /* PushNotificationPayload.apns */ = {isa = PBXFileReference; lastKnownFileType = text; path = PushNotificationPayload.apns; sourceTree = "<group>"; };
		28DE0DD92015554C00D88F8F /* IntentionInterfaceController.swift */ = {isa = PBXFileReference; lastKnownFileType = sourcecode.swift; path = IntentionInterfaceController.swift; sourceTree = "<group>"; };
/* End PBXFileReference section */

/* Begin PBXFrameworksBuildPhase section */
		28614A961FC75ABE00987520 /* Frameworks */ = {
			isa = PBXFrameworksBuildPhase;
			buildActionMask = 2147483647;
			files = (
			);
			runOnlyForDeploymentPostprocessing = 0;
		};
		28ADDEF52013FE3B007BD086 /* Frameworks */ = {
			isa = PBXFrameworksBuildPhase;
			buildActionMask = 2147483647;
			files = (
			);
			runOnlyForDeploymentPostprocessing = 0;
		};
/* End PBXFrameworksBuildPhase section */

/* Begin PBXGroup section */
		28614A901FC75ABE00987520 = {
			isa = PBXGroup;
			children = (
				28614A9B1FC75ABE00987520 /* intentions */,
				2829C7E41FCA4B6200B0BF50 /* intentions.app */,
				28ADDEEC2013FE3B007BD086 /* intentions WatchKit application.app */,
				28ADDEED2013FE3B007BD086 /* intentions WatchKit application */,
				28ADDEF82013FE3B007BD086 /* intentions WatchKit application Extension.appex */,
				28ADDEFC2013FE3B007BD086 /* intentions WatchKit application Extension */,
			);
			sourceTree = "<group>";
		};
		28614A9B1FC75ABE00987520 /* intentions */ = {
			isa = PBXGroup;
			children = (
				28614A9C1FC75ABE00987520 /* AppDelegate.swift */,
				28614A9E1FC75ABE00987520 /* ViewController.swift */,
				281CF7CA1FCB6ED900F66D35 /* landingViewController.swift */,
				28614AF21FC795C200987520 /* intention.swift */,
				289CD44A1FC8F9BF00A0A34C /* focus.swift */,
				28614AF61FC7A7AD00987520 /* intentionTableViewCell.swift */,
				28A534DD1FC7E89500D2A932 /* intentionTableViewController.swift */,
				28A2AEDE1FC7CF9700B4E4CF /* pieChart.swift */,
				28A2AEE01FC7DA9300B4E4CF /* progressChart.swift */,
				28614AA01FC75ABE00987520 /* Main.storyboard */,
				28614AA31FC75ABE00987520 /* Assets.xcassets */,
				28614AA51FC75ABE00987520 /* LaunchScreen.storyboard */,
				28614AA81FC75ABE00987520 /* Info.plist */,
			);
			path = intentions;
			sourceTree = "<group>";
		};
		28ADDEED2013FE3B007BD086 /* intentions WatchKit application */ = {
			isa = PBXGroup;
			children = (
				28ADDEEE2013FE3B007BD086 /* Interface.storyboard */,
				28ADDEF12013FE3B007BD086 /* Assets.xcassets */,
				28ADDEF32013FE3B007BD086 /* Info.plist */,
			);
			path = "intentions WatchKit application";
			sourceTree = "<group>";
		};
		28ADDEFC2013FE3B007BD086 /* intentions WatchKit application Extension */ = {
			isa = PBXGroup;
			children = (
				28ADDEFF2013FE3B007BD086 /* ExtensionDelegate.swift */,
				28ADDF012013FE3B007BD086 /* NotificationController.swift */,
				28ADDF032013FE3B007BD086 /* Assets.xcassets */,
				28ADDF052013FE3B007BD086 /* Info.plist */,
				28ADDF062013FE3B007BD086 /* PushNotificationPayload.apns */,
				28DE0DD92015554C00D88F8F /* IntentionInterfaceController.swift */,
				28295D52201572DD007D15D5 /* IntentionRowController.swift */,
			);
			path = "intentions WatchKit application Extension";
			sourceTree = "<group>";
		};
/* End PBXGroup section */

/* Begin PBXNativeTarget section */
		28614A981FC75ABE00987520 /* intentions */ = {
			isa = PBXNativeTarget;
			buildConfigurationList = 28614AE91FC75ABE00987520 /* Build configuration list for PBXNativeTarget "intentions" */;
			buildPhases = (
				28614A951FC75ABE00987520 /* Sources */,
				28614A961FC75ABE00987520 /* Frameworks */,
				28614A971FC75ABE00987520 /* Resources */,
				280DBF6C2013D10B00D07B8B /* Embed Watch Content */,
			);
			buildRules = (
			);
			dependencies = (
				28ADDF082013FE3B007BD086 /* PBXTargetDependency */,
			);
			name = intentions;
			productName = intentions;
			productReference = 2829C7E41FCA4B6200B0BF50 /* intentions.app */;
			productType = "com.apple.product-type.application";
		};
		28ADDEEB2013FE3B007BD086 /* intentions WatchKit application */ = {
			isa = PBXNativeTarget;
			buildConfigurationList = 28ADDF0E2013FE3B007BD086 /* Build configuration list for PBXNativeTarget "intentions WatchKit application" */;
			buildPhases = (
				28ADDEEA2013FE3B007BD086 /* Resources */,
				28ADDF0D2013FE3B007BD086 /* Embed App Extensions */,
			);
			buildRules = (
			);
			dependencies = (
				28ADDEFB2013FE3B007BD086 /* PBXTargetDependency */,
			);
			name = "intentions WatchKit application";
			productName = "intentions WatchKit application";
			productReference = 28ADDEEC2013FE3B007BD086 /* intentions WatchKit application.app */;
			productType = "com.apple.product-type.application.watchapp2";
		};
		28ADDEF72013FE3B007BD086 /* intentions WatchKit application Extension */ = {
			isa = PBXNativeTarget;
			buildConfigurationList = 28ADDF0A2013FE3B007BD086 /* Build configuration list for PBXNativeTarget "intentions WatchKit application Extension" */;
			buildPhases = (
				28ADDEF42013FE3B007BD086 /* Sources */,
				28ADDEF52013FE3B007BD086 /* Frameworks */,
				28ADDEF62013FE3B007BD086 /* Resources */,
			);
			buildRules = (
			);
			dependencies = (
			);
			name = "intentions WatchKit application Extension";
			productName = "intentions WatchKit application Extension";
			productReference = 28ADDEF82013FE3B007BD086 /* intentions WatchKit application Extension.appex */;
			productType = "com.apple.product-type.watchkit2-extension";
		};
/* End PBXNativeTarget section */

/* Begin PBXProject section */
		28614A911FC75ABE00987520 /* Project object */ = {
			isa = PBXProject;
			attributes = {
				LastSwiftUpdateCheck = 0920;
				LastUpgradeCheck = 0910;
				ORGANIZATIONNAME = "Gavin Loughridge";
				TargetAttributes = {
					28614A981FC75ABE00987520 = {
						CreatedOnToolsVersion = 9.1;
						ProvisioningStyle = Automatic;
					};
					28ADDEEB2013FE3B007BD086 = {
						CreatedOnToolsVersion = 9.2;
						ProvisioningStyle = Automatic;
					};
					28ADDEF72013FE3B007BD086 = {
						CreatedOnToolsVersion = 9.2;
						ProvisioningStyle = Automatic;
					};
				};
			};
			buildConfigurationList = 28614A941FC75ABE00987520 /* Build configuration list for PBXProject "intentions" */;
			compatibilityVersion = "Xcode 8.0";
			developmentRegion = en;
			hasScannedForEncodings = 0;
			knownRegions = (
				en,
				Base,
			);
			mainGroup = 28614A901FC75ABE00987520;
			productRefGroup = 28614A901FC75ABE00987520;
			projectDirPath = "";
			projectRoot = "";
			targets = (
				28614A981FC75ABE00987520 /* intentions */,
				28ADDEEB2013FE3B007BD086 /* intentions WatchKit application */,
				28ADDEF72013FE3B007BD086 /* intentions WatchKit application Extension */,
			);
		};
/* End PBXProject section */

/* Begin PBXResourcesBuildPhase section */
		28614A971FC75ABE00987520 /* Resources */ = {
			isa = PBXResourcesBuildPhase;
			buildActionMask = 2147483647;
			files = (
				28614AA71FC75ABE00987520 /* LaunchScreen.storyboard in Resources */,
				28614AA41FC75ABE00987520 /* Assets.xcassets in Resources */,
				28614AA21FC75ABE00987520 /* Main.storyboard in Resources */,
			);
			runOnlyForDeploymentPostprocessing = 0;
		};
		28ADDEEA2013FE3B007BD086 /* Resources */ = {
			isa = PBXResourcesBuildPhase;
			buildActionMask = 2147483647;
			files = (
				28ADDEF22013FE3B007BD086 /* Assets.xcassets in Resources */,
				28ADDEF02013FE3B007BD086 /* Interface.storyboard in Resources */,
			);
			runOnlyForDeploymentPostprocessing = 0;
		};
		28ADDEF62013FE3B007BD086 /* Resources */ = {
			isa = PBXResourcesBuildPhase;
			buildActionMask = 2147483647;
			files = (
				28ADDF042013FE3B007BD086 /* Assets.xcassets in Resources */,
			);
			runOnlyForDeploymentPostprocessing = 0;
		};
/* End PBXResourcesBuildPhase section */

/* Begin PBXSourcesBuildPhase section */
		28614A951FC75ABE00987520 /* Sources */ = {
			isa = PBXSourcesBuildPhase;
			buildActionMask = 2147483647;
			files = (
				28614AF31FC795C200987520 /* intention.swift in Sources */,
				28A534DE1FC7E89500D2A932 /* intentionTableViewController.swift in Sources */,
				28614A9F1FC75ABE00987520 /* ViewController.swift in Sources */,
				281CF7CB1FCB6ED900F66D35 /* landingViewController.swift in Sources */,
				28614AF71FC7A7AD00987520 /* intentionTableViewCell.swift in Sources */,
				28A2AEDF1FC7CF9700B4E4CF /* pieChart.swift in Sources */,
				28614A9D1FC75ABE00987520 /* AppDelegate.swift in Sources */,
				289CD44B1FC8F9BF00A0A34C /* focus.swift in Sources */,
				28A2AEE11FC7DA9300B4E4CF /* progressChart.swift in Sources */,
			);
			runOnlyForDeploymentPostprocessing = 0;
		};
		28ADDEF42013FE3B007BD086 /* Sources */ = {
			isa = PBXSourcesBuildPhase;
			buildActionMask = 2147483647;
			files = (
				28173B9A2014E33C00A2EFF0 /* focus.swift in Sources */,
				28295D53201572DD007D15D5 /* IntentionRowController.swift in Sources */,
				28ADDF022013FE3B007BD086 /* NotificationController.swift in Sources */,
				28ADDF002013FE3B007BD086 /* ExtensionDelegate.swift in Sources */,
				28173B992014E33700A2EFF0 /* intention.swift in Sources */,
				28DE0DDA2015554C00D88F8F /* IntentionInterfaceController.swift in Sources */,
			);
			runOnlyForDeploymentPostprocessing = 0;
		};
/* End PBXSourcesBuildPhase section */

/* Begin PBXTargetDependency section */
		28ADDEFB2013FE3B007BD086 /* PBXTargetDependency */ = {
			isa = PBXTargetDependency;
			target = 28ADDEF72013FE3B007BD086 /* intentions WatchKit application Extension */;
			targetProxy = 28ADDEFA2013FE3B007BD086 /* PBXContainerItemProxy */;
		};
		28ADDF082013FE3B007BD086 /* PBXTargetDependency */ = {
			isa = PBXTargetDependency;
			target = 28ADDEEB2013FE3B007BD086 /* intentions WatchKit application */;
			targetProxy = 28ADDF072013FE3B007BD086 /* PBXContainerItemProxy */;
		};
/* End PBXTargetDependency section */

/* Begin PBXVariantGroup section */
		28614AA01FC75ABE00987520 /* Main.storyboard */ = {
			isa = PBXVariantGroup;
			children = (
				28614AA11FC75ABE00987520 /* Base */,
			);
			name = Main.storyboard;
			sourceTree = "<group>";
		};
		28614AA51FC75ABE00987520 /* LaunchScreen.storyboard */ = {
			isa = PBXVariantGroup;
			children = (
				28614AA61FC75ABE00987520 /* Base */,
			);
			name = LaunchScreen.storyboard;
			sourceTree = "<group>";
		};
		28ADDEEE2013FE3B007BD086 /* Interface.storyboard */ = {
			isa = PBXVariantGroup;
			children = (
				28ADDEEF2013FE3B007BD086 /* Base */,
			);
			name = Interface.storyboard;
			sourceTree = "<group>";
		};
/* End PBXVariantGroup section */

/* Begin XCBuildConfiguration section */
		28614ADF1FC75ABE00987520 /* Debug */ = {
			isa = XCBuildConfiguration;
			buildSettings = {
				ALWAYS_SEARCH_USER_PATHS = NO;
				CLANG_ANALYZER_NONNULL = YES;
				CLANG_ANALYZER_NUMBER_OBJECT_CONVERSION = YES_AGGRESSIVE;
				CLANG_CXX_LANGUAGE_STANDARD = "gnu++14";
				CLANG_CXX_LIBRARY = "libc++";
				CLANG_ENABLE_MODULES = YES;
				CLANG_ENABLE_OBJC_ARC = YES;
				CLANG_WARN_BLOCK_CAPTURE_AUTORELEASING = YES;
				CLANG_WARN_BOOL_CONVERSION = YES;
				CLANG_WARN_COMMA = YES;
				CLANG_WARN_CONSTANT_CONVERSION = YES;
				CLANG_WARN_DIRECT_OBJC_ISA_USAGE = YES_ERROR;
				CLANG_WARN_DOCUMENTATION_COMMENTS = YES;
				CLANG_WARN_EMPTY_BODY = YES;
				CLANG_WARN_ENUM_CONVERSION = YES;
				CLANG_WARN_INFINITE_RECURSION = YES;
				CLANG_WARN_INT_CONVERSION = YES;
				CLANG_WARN_NON_LITERAL_NULL_CONVERSION = YES;
				CLANG_WARN_OBJC_LITERAL_CONVERSION = YES;
				CLANG_WARN_OBJC_ROOT_CLASS = YES_ERROR;
				CLANG_WARN_RANGE_LOOP_ANALYSIS = YES;
				CLANG_WARN_STRICT_PROTOTYPES = YES;
				CLANG_WARN_SUSPICIOUS_MOVE = YES;
				CLANG_WARN_UNGUARDED_AVAILABILITY = YES_AGGRESSIVE;
				CLANG_WARN_UNREACHABLE_CODE = YES;
				CLANG_WARN__DUPLICATE_METHOD_MATCH = YES;
				CODE_SIGN_IDENTITY = "iPhone Developer";
				COPY_PHASE_STRIP = NO;
				DEBUG_INFORMATION_FORMAT = dwarf;
				ENABLE_STRICT_OBJC_MSGSEND = YES;
				ENABLE_TESTABILITY = YES;
				GCC_C_LANGUAGE_STANDARD = gnu11;
				GCC_DYNAMIC_NO_PIC = NO;
				GCC_NO_COMMON_BLOCKS = YES;
				GCC_OPTIMIZATION_LEVEL = 0;
				GCC_PREPROCESSOR_DEFINITIONS = (
					"DEBUG=1",
					"$(inherited)",
				);
				GCC_WARN_64_TO_32_BIT_CONVERSION = YES;
				GCC_WARN_ABOUT_RETURN_TYPE = YES_ERROR;
				GCC_WARN_UNDECLARED_SELECTOR = YES;
				GCC_WARN_UNINITIALIZED_AUTOS = YES_AGGRESSIVE;
				GCC_WARN_UNUSED_FUNCTION = YES;
				GCC_WARN_UNUSED_VARIABLE = YES;
				IPHONEOS_DEPLOYMENT_TARGET = 11.1;
				MTL_ENABLE_DEBUG_INFO = YES;
				ONLY_ACTIVE_ARCH = YES;
				SDKROOT = iphoneos;
				SWIFT_ACTIVE_COMPILATION_CONDITIONS = DEBUG;
				SWIFT_OPTIMIZATION_LEVEL = "-Onone";
			};
			name = Debug;
		};
		28614AE01FC75ABE00987520 /* Release */ = {
			isa = XCBuildConfiguration;
			buildSettings = {
				ALWAYS_SEARCH_USER_PATHS = NO;
				CLANG_ANALYZER_NONNULL = YES;
				CLANG_ANALYZER_NUMBER_OBJECT_CONVERSION = YES_AGGRESSIVE;
				CLANG_CXX_LANGUAGE_STANDARD = "gnu++14";
				CLANG_CXX_LIBRARY = "libc++";
				CLANG_ENABLE_MODULES = YES;
				CLANG_ENABLE_OBJC_ARC = YES;
				CLANG_WARN_BLOCK_CAPTURE_AUTORELEASING = YES;
				CLANG_WARN_BOOL_CONVERSION = YES;
				CLANG_WARN_COMMA = YES;
				CLANG_WARN_CONSTANT_CONVERSION = YES;
				CLANG_WARN_DIRECT_OBJC_ISA_USAGE = YES_ERROR;
				CLANG_WARN_DOCUMENTATION_COMMENTS = YES;
				CLANG_WARN_EMPTY_BODY = YES;
				CLANG_WARN_ENUM_CONVERSION = YES;
				CLANG_WARN_INFINITE_RECURSION = YES;
				CLANG_WARN_INT_CONVERSION = YES;
				CLANG_WARN_NON_LITERAL_NULL_CONVERSION = YES;
				CLANG_WARN_OBJC_LITERAL_CONVERSION = YES;
				CLANG_WARN_OBJC_ROOT_CLASS = YES_ERROR;
				CLANG_WARN_RANGE_LOOP_ANALYSIS = YES;
				CLANG_WARN_STRICT_PROTOTYPES = YES;
				CLANG_WARN_SUSPICIOUS_MOVE = YES;
				CLANG_WARN_UNGUARDED_AVAILABILITY = YES_AGGRESSIVE;
				CLANG_WARN_UNREACHABLE_CODE = YES;
				CLANG_WARN__DUPLICATE_METHOD_MATCH = YES;
				CODE_SIGN_IDENTITY = "iPhone Developer";
				COPY_PHASE_STRIP = NO;
				DEBUG_INFORMATION_FORMAT = "dwarf-with-dsym";
				ENABLE_NS_ASSERTIONS = NO;
				ENABLE_STRICT_OBJC_MSGSEND = YES;
				GCC_C_LANGUAGE_STANDARD = gnu11;
				GCC_NO_COMMON_BLOCKS = YES;
				GCC_WARN_64_TO_32_BIT_CONVERSION = YES;
				GCC_WARN_ABOUT_RETURN_TYPE = YES_ERROR;
				GCC_WARN_UNDECLARED_SELECTOR = YES;
				GCC_WARN_UNINITIALIZED_AUTOS = YES_AGGRESSIVE;
				GCC_WARN_UNUSED_FUNCTION = YES;
				GCC_WARN_UNUSED_VARIABLE = YES;
				IPHONEOS_DEPLOYMENT_TARGET = 11.1;
				MTL_ENABLE_DEBUG_INFO = NO;
				SDKROOT = iphoneos;
				SWIFT_OPTIMIZATION_LEVEL = "-Owholemodule";
				VALIDATE_PRODUCT = YES;
			};
			name = Release;
		};
		28614AEA1FC75ABE00987520 /* Debug */ = {
			isa = XCBuildConfiguration;
			buildSettings = {
				ASSETCATALOG_COMPILER_APPICON_NAME = AppIcon;
				CODE_SIGN_STYLE = Automatic;
				DEVELOPMENT_TEAM = SEFE8W9WG3;
				INFOPLIST_FILE = intentions/Info.plist;
				LD_RUNPATH_SEARCH_PATHS = "$(inherited) @executable_path/Frameworks";
				PRODUCT_BUNDLE_IDENTIFIER = gavinloughridge.intentions;
				PRODUCT_NAME = "$(TARGET_NAME)";
				SWIFT_VERSION = 4.0;
				TARGETED_DEVICE_FAMILY = "1,2";
			};
			name = Debug;
		};
		28614AEB1FC75ABE00987520 /* Release */ = {
			isa = XCBuildConfiguration;
			buildSettings = {
				ASSETCATALOG_COMPILER_APPICON_NAME = AppIcon;
				CODE_SIGN_STYLE = Automatic;
				DEVELOPMENT_TEAM = SEFE8W9WG3;
				INFOPLIST_FILE = intentions/Info.plist;
				LD_RUNPATH_SEARCH_PATHS = "$(inherited) @executable_path/Frameworks";
				PRODUCT_BUNDLE_IDENTIFIER = gavinloughridge.intentions;
				PRODUCT_NAME = "$(TARGET_NAME)";
				SWIFT_VERSION = 4.0;
				TARGETED_DEVICE_FAMILY = "1,2";
			};
			name = Release;
		};
		28ADDF0B2013FE3B007BD086 /* Debug */ = {
			isa = XCBuildConfiguration;
			buildSettings = {
				ASSETCATALOG_COMPILER_COMPLICATION_NAME = Complication;
				CODE_SIGN_STYLE = Automatic;
				DEVELOPMENT_TEAM = SEFE8W9WG3;
				INFOPLIST_FILE = "intentions WatchKit application Extension/Info.plist";
				LD_RUNPATH_SEARCH_PATHS = "$(inherited) @executable_path/Frameworks @executable_path/../../Frameworks";
				PRODUCT_BUNDLE_IDENTIFIER = gavinloughridge.intentions.watchkitapp.watchkitextension;
				PRODUCT_NAME = "${TARGET_NAME}";
				SDKROOT = watchos;
				SKIP_INSTALL = YES;
				SWIFT_VERSION = 4.0;
				TARGETED_DEVICE_FAMILY = 4;
				WATCHOS_DEPLOYMENT_TARGET = 4.2;
			};
			name = Debug;
		};
		28ADDF0C2013FE3B007BD086 /* Release */ = {
			isa = XCBuildConfiguration;
			buildSettings = {
				ASSETCATALOG_COMPILER_COMPLICATION_NAME = Complication;
				CODE_SIGN_STYLE = Automatic;
				DEVELOPMENT_TEAM = SEFE8W9WG3;
				INFOPLIST_FILE = "intentions WatchKit application Extension/Info.plist";
				LD_RUNPATH_SEARCH_PATHS = "$(inherited) @executable_path/Frameworks @executable_path/../../Frameworks";
				PRODUCT_BUNDLE_IDENTIFIER = gavinloughridge.intentions.watchkitapp.watchkitextension;
				PRODUCT_NAME = "${TARGET_NAME}";
				SDKROOT = watchos;
				SKIP_INSTALL = YES;
				SWIFT_VERSION = 4.0;
				TARGETED_DEVICE_FAMILY = 4;
				WATCHOS_DEPLOYMENT_TARGET = 4.2;
			};
			name = Release;
		};
		28ADDF0F2013FE3B007BD086 /* Debug */ = {
			isa = XCBuildConfiguration;
			buildSettings = {
				ALWAYS_EMBED_SWIFT_STANDARD_LIBRARIES = YES;
				ASSETCATALOG_COMPILER_APPICON_NAME = AppIcon;
				CODE_SIGN_STYLE = Automatic;
				DEVELOPMENT_TEAM = SEFE8W9WG3;
				IBSC_MODULE = intentions_WatchKit_application_Extension;
				INFOPLIST_FILE = "intentions WatchKit application/Info.plist";
				PRODUCT_BUNDLE_IDENTIFIER = gavinloughridge.intentions.watchkitapp;
				PRODUCT_NAME = "$(TARGET_NAME)";
				SDKROOT = watchos;
				SKIP_INSTALL = YES;
				SWIFT_VERSION = 4.0;
				TARGETED_DEVICE_FAMILY = 4;
				WATCHOS_DEPLOYMENT_TARGET = 4.2;
			};
			name = Debug;
		};
		28ADDF102013FE3B007BD086 /* Release */ = {
			isa = XCBuildConfiguration;
			buildSettings = {
				ALWAYS_EMBED_SWIFT_STANDARD_LIBRARIES = YES;
				ASSETCATALOG_COMPILER_APPICON_NAME = AppIcon;
				CODE_SIGN_STYLE = Automatic;
				DEVELOPMENT_TEAM = SEFE8W9WG3;
				IBSC_MODULE = intentions_WatchKit_application_Extension;
				INFOPLIST_FILE = "intentions WatchKit application/Info.plist";
				PRODUCT_BUNDLE_IDENTIFIER = gavinloughridge.intentions.watchkitapp;
				PRODUCT_NAME = "$(TARGET_NAME)";
				SDKROOT = watchos;
				SKIP_INSTALL = YES;
				SWIFT_VERSION = 4.0;
				TARGETED_DEVICE_FAMILY = 4;
				WATCHOS_DEPLOYMENT_TARGET = 4.2;
			};
			name = Release;
		};
/* End XCBuildConfiguration section */

/* Begin XCConfigurationList section */
		28614A941FC75ABE00987520 /* Build configuration list for PBXProject "intentions" */ = {
			isa = XCConfigurationList;
			buildConfigurations = (
				28614ADF1FC75ABE00987520 /* Debug */,
				28614AE01FC75ABE00987520 /* Release */,
			);
			defaultConfigurationIsVisible = 0;
			defaultConfigurationName = Release;
		};
		28614AE91FC75ABE00987520 /* Build configuration list for PBXNativeTarget "intentions" */ = {
			isa = XCConfigurationList;
			buildConfigurations = (
				28614AEA1FC75ABE00987520 /* Debug */,
				28614AEB1FC75ABE00987520 /* Release */,
			);
			defaultConfigurationIsVisible = 0;
			defaultConfigurationName = Release;
		};
		28ADDF0A2013FE3B007BD086 /* Build configuration list for PBXNativeTarget "intentions WatchKit application Extension" */ = {
			isa = XCConfigurationList;
			buildConfigurations = (
				28ADDF0B2013FE3B007BD086 /* Debug */,
				28ADDF0C2013FE3B007BD086 /* Release */,
			);
			defaultConfigurationIsVisible = 0;
			defaultConfigurationName = Release;
		};
		28ADDF0E2013FE3B007BD086 /* Build configuration list for PBXNativeTarget "intentions WatchKit application" */ = {
			isa = XCConfigurationList;
			buildConfigurations = (
				28ADDF0F2013FE3B007BD086 /* Debug */,
				28ADDF102013FE3B007BD086 /* Release */,
			);
			defaultConfigurationIsVisible = 0;
			defaultConfigurationName = Release;
		};
/* End XCConfigurationList section */
	};
	rootObject = 28614A911FC75ABE00987520 /* Project object */;
}
